// !$*UTF8*$!
{
	archiveVersion = 1;
	classes = {
	};
	objectVersion = 51;
	objects = {

/* Begin PBXBuildFile section */
		1F0EC8C92152B53100E491DF /* AppDelegate.swift in Sources */ = {isa = PBXBuildFile; fileRef = 1F0EC8C82152B53100E491DF /* AppDelegate.swift */; };
		1F0EC8CB2152B53100E491DF /* LoginViewController.swift in Sources */ = {isa = PBXBuildFile; fileRef = 1F0EC8CA2152B53100E491DF /* LoginViewController.swift */; };
		1F0EC8CE2152B53100E491DF /* Main.storyboard in Resources */ = {isa = PBXBuildFile; fileRef = 1F0EC8CC2152B53100E491DF /* Main.storyboard */; };
		1F0EC8D02152B53300E491DF /* Assets.xcassets in Resources */ = {isa = PBXBuildFile; fileRef = 1F0EC8CF2152B53300E491DF /* Assets.xcassets */; };
		1F0EC8D32152B53300E491DF /* LaunchScreen.storyboard in Resources */ = {isa = PBXBuildFile; fileRef = 1F0EC8D12152B53300E491DF /* LaunchScreen.storyboard */; };
		1F4BA53C2197652100FF6DB9 /* PhotoCell.swift in Sources */ = {isa = PBXBuildFile; fileRef = 1F4BA53B2197652100FF6DB9 /* PhotoCell.swift */; };
		1F4BA53E219765A300FF6DB9 /* FriendPhotoCollection.swift in Sources */ = {isa = PBXBuildFile; fileRef = 1F4BA53D219765A300FF6DB9 /* FriendPhotoCollection.swift */; };
		1F4BA54021976ED000FF6DB9 /* GroupSearch.swift in Sources */ = {isa = PBXBuildFile; fileRef = 1F4BA53F21976ED000FF6DB9 /* GroupSearch.swift */; };
		1F561B142194B665003AB8B4 /* FriendListController.swift in Sources */ = {isa = PBXBuildFile; fileRef = 1F561B132194B665003AB8B4 /* FriendListController.swift */; };
		1F561B182194B6CC003AB8B4 /* GroupController.swift in Sources */ = {isa = PBXBuildFile; fileRef = 1F561B172194B6CC003AB8B4 /* GroupController.swift */; };
		1F561B1A2194B6DE003AB8B4 /* NewGroupController.swift in Sources */ = {isa = PBXBuildFile; fileRef = 1F561B192194B6DE003AB8B4 /* NewGroupController.swift */; };
		1F561B1C2194B96C003AB8B4 /* GroupCell.swift in Sources */ = {isa = PBXBuildFile; fileRef = 1F561B1B2194B96C003AB8B4 /* GroupCell.swift */; };
		1F561B1E2194B9BD003AB8B4 /* NewGroupCell.swift in Sources */ = {isa = PBXBuildFile; fileRef = 1F561B1D2194B9BD003AB8B4 /* NewGroupCell.swift */; };
		1F561B202194B9DD003AB8B4 /* FriendCell.swift in Sources */ = {isa = PBXBuildFile; fileRef = 1F561B1F2194B9DD003AB8B4 /* FriendCell.swift */; };
		1F561B252194BA84003AB8B4 /* Group.swift in Sources */ = {isa = PBXBuildFile; fileRef = 1F561B242194BA84003AB8B4 /* Group.swift */; };
		1F561B272194BA92003AB8B4 /* Friend.swift in Sources */ = {isa = PBXBuildFile; fileRef = 1F561B262194BA92003AB8B4 /* Friend.swift */; };
		1F561B292194C71E003AB8B4 /* Generator.swift in Sources */ = {isa = PBXBuildFile; fileRef = 1F561B282194C71E003AB8B4 /* Generator.swift */; };
		1F5C3DEB219D603F00EE6946 /* ProfileIcon.swift in Sources */ = {isa = PBXBuildFile; fileRef = 1F5C3DEA219D603F00EE6946 /* ProfileIcon.swift */; };
		1F5C3DED219D6ADA00EE6946 /* LikeControl.swift in Sources */ = {isa = PBXBuildFile; fileRef = 1F5C3DEC219D6ADA00EE6946 /* LikeControl.swift */; };
		1F5C3DEF219D761D00EE6946 /* WeekDayPicker.swift in Sources */ = {isa = PBXBuildFile; fileRef = 1F5C3DEE219D761D00EE6946 /* WeekDayPicker.swift */; };
		1F5C3DF1219D8D7600EE6946 /* AlphabetPicker.swift in Sources */ = {isa = PBXBuildFile; fileRef = 1F5C3DF0219D8D7600EE6946 /* AlphabetPicker.swift */; };
		1F5C3DF3219D8F2A00EE6946 /* LikesViewController.swift in Sources */ = {isa = PBXBuildFile; fileRef = 1F5C3DF2219D8F2900EE6946 /* LikesViewController.swift */; };
/* End PBXBuildFile section */

/* Begin PBXFileReference section */
		1F0EC8C52152B53100E491DF /* 1l_Dmitriy_Papkov.app */ = {isa = PBXFileReference; explicitFileType = wrapper.application; includeInIndex = 0; path = 1l_Dmitriy_Papkov.app; sourceTree = BUILT_PRODUCTS_DIR; };
		1F0EC8C82152B53100E491DF /* AppDelegate.swift */ = {isa = PBXFileReference; lastKnownFileType = sourcecode.swift; path = AppDelegate.swift; sourceTree = "<group>"; };
		1F0EC8CA2152B53100E491DF /* LoginViewController.swift */ = {isa = PBXFileReference; lastKnownFileType = sourcecode.swift; path = LoginViewController.swift; sourceTree = "<group>"; };
		1F0EC8CD2152B53100E491DF /* Base */ = {isa = PBXFileReference; lastKnownFileType = file.storyboard; name = Base; path = Base.lproj/Main.storyboard; sourceTree = "<group>"; };
		1F0EC8CF2152B53300E491DF /* Assets.xcassets */ = {isa = PBXFileReference; lastKnownFileType = folder.assetcatalog; path = Assets.xcassets; sourceTree = "<group>"; };
		1F0EC8D22152B53300E491DF /* Base */ = {isa = PBXFileReference; lastKnownFileType = file.storyboard; name = Base; path = Base.lproj/LaunchScreen.storyboard; sourceTree = "<group>"; };
		1F0EC8D42152B53300E491DF /* Info.plist */ = {isa = PBXFileReference; lastKnownFileType = text.plist.xml; path = Info.plist; sourceTree = "<group>"; };
		1F4BA53B2197652100FF6DB9 /* PhotoCell.swift */ = {isa = PBXFileReference; lastKnownFileType = sourcecode.swift; path = PhotoCell.swift; sourceTree = "<group>"; };
		1F4BA53D219765A300FF6DB9 /* FriendPhotoCollection.swift */ = {isa = PBXFileReference; lastKnownFileType = sourcecode.swift; path = FriendPhotoCollection.swift; sourceTree = "<group>"; };
		1F4BA53F21976ED000FF6DB9 /* GroupSearch.swift */ = {isa = PBXFileReference; lastKnownFileType = sourcecode.swift; path = GroupSearch.swift; sourceTree = "<group>"; };
		1F561B132194B665003AB8B4 /* FriendListController.swift */ = {isa = PBXFileReference; lastKnownFileType = sourcecode.swift; path = FriendListController.swift; sourceTree = "<group>"; };
		1F561B172194B6CC003AB8B4 /* GroupController.swift */ = {isa = PBXFileReference; lastKnownFileType = sourcecode.swift; path = GroupController.swift; sourceTree = "<group>"; };
		1F561B192194B6DE003AB8B4 /* NewGroupController.swift */ = {isa = PBXFileReference; lastKnownFileType = sourcecode.swift; path = NewGroupController.swift; sourceTree = "<group>"; };
		1F561B1B2194B96C003AB8B4 /* GroupCell.swift */ = {isa = PBXFileReference; lastKnownFileType = sourcecode.swift; path = GroupCell.swift; sourceTree = "<group>"; };
		1F561B1D2194B9BD003AB8B4 /* NewGroupCell.swift */ = {isa = PBXFileReference; lastKnownFileType = sourcecode.swift; path = NewGroupCell.swift; sourceTree = "<group>"; };
		1F561B1F2194B9DD003AB8B4 /* FriendCell.swift */ = {isa = PBXFileReference; lastKnownFileType = sourcecode.swift; path = FriendCell.swift; sourceTree = "<group>"; };
		1F561B242194BA84003AB8B4 /* Group.swift */ = {isa = PBXFileReference; lastKnownFileType = sourcecode.swift; path = Group.swift; sourceTree = "<group>"; };
		1F561B262194BA92003AB8B4 /* Friend.swift */ = {isa = PBXFileReference; lastKnownFileType = sourcecode.swift; path = Friend.swift; sourceTree = "<group>"; };
		1F561B282194C71E003AB8B4 /* Generator.swift */ = {isa = PBXFileReference; lastKnownFileType = sourcecode.swift; path = Generator.swift; sourceTree = "<group>"; };
		1F5C3DEA219D603F00EE6946 /* ProfileIcon.swift */ = {isa = PBXFileReference; lastKnownFileType = sourcecode.swift; path = ProfileIcon.swift; sourceTree = "<group>"; };
		1F5C3DEC219D6ADA00EE6946 /* LikeControl.swift */ = {isa = PBXFileReference; lastKnownFileType = sourcecode.swift; path = LikeControl.swift; sourceTree = "<group>"; };
		1F5C3DEE219D761D00EE6946 /* WeekDayPicker.swift */ = {isa = PBXFileReference; lastKnownFileType = sourcecode.swift; path = WeekDayPicker.swift; sourceTree = "<group>"; };
		1F5C3DF0219D8D7600EE6946 /* AlphabetPicker.swift */ = {isa = PBXFileReference; lastKnownFileType = sourcecode.swift; path = AlphabetPicker.swift; sourceTree = "<group>"; };
		1F5C3DF2219D8F2900EE6946 /* LikesViewController.swift */ = {isa = PBXFileReference; lastKnownFileType = sourcecode.swift; path = LikesViewController.swift; sourceTree = "<group>"; };
/* End PBXFileReference section */

/* Begin PBXFrameworksBuildPhase section */
		1F0EC8C22152B53100E491DF /* Frameworks */ = {
			isa = PBXFrameworksBuildPhase;
			buildActionMask = 2147483647;
			files = (
			);
			runOnlyForDeploymentPostprocessing = 0;
		};
/* End PBXFrameworksBuildPhase section */

/* Begin PBXGroup section */
		1F0EC8BC2152B53100E491DF = {
			isa = PBXGroup;
			children = (
				1F0EC8C72152B53100E491DF /* 1l_Dmitriy_Papkov */,
				1F0EC8C62152B53100E491DF /* Products */,
			);
			sourceTree = "<group>";
		};
		1F0EC8C62152B53100E491DF /* Products */ = {
			isa = PBXGroup;
			children = (
				1F0EC8C52152B53100E491DF /* 1l_Dmitriy_Papkov.app */,
			);
			name = Products;
			sourceTree = "<group>";
		};
		1F0EC8C72152B53100E491DF /* 1l_Dmitriy_Papkov */ = {
			isa = PBXGroup;
			children = (
				1F5C3DE9219D5F8F00EE6946 /* CustomElements */,
				1F561B232194BA67003AB8B4 /* Model */,
				1F561B122194B563003AB8B4 /* FriendPhoto */,
				1F561B112194B559003AB8B4 /* FriendList */,
				1F561B102194B527003AB8B4 /* NewGroup */,
				1F561B0F2194B51B003AB8B4 /* Group */,
				1F561B0E2194B506003AB8B4 /* Login */,
				1F0EC8C82152B53100E491DF /* AppDelegate.swift */,
				1F0EC8CC2152B53100E491DF /* Main.storyboard */,
				1F0EC8CF2152B53300E491DF /* Assets.xcassets */,
				1F0EC8D12152B53300E491DF /* LaunchScreen.storyboard */,
				1F0EC8D42152B53300E491DF /* Info.plist */,
				1F5C3DF2219D8F2900EE6946 /* LikesViewController.swift */,
			);
			path = 1l_Dmitriy_Papkov;
			sourceTree = "<group>";
		};
		1F561B0E2194B506003AB8B4 /* Login */ = {
			isa = PBXGroup;
			children = (
				1F0EC8CA2152B53100E491DF /* LoginViewController.swift */,
			);
			path = Login;
			sourceTree = "<group>";
		};
		1F561B0F2194B51B003AB8B4 /* Group */ = {
			isa = PBXGroup;
			children = (
				1F561B172194B6CC003AB8B4 /* GroupController.swift */,
				1F561B1B2194B96C003AB8B4 /* GroupCell.swift */,
			);
			path = Group;
			sourceTree = "<group>";
		};
		1F561B102194B527003AB8B4 /* NewGroup */ = {
			isa = PBXGroup;
			children = (
				1F561B192194B6DE003AB8B4 /* NewGroupController.swift */,
				1F561B1D2194B9BD003AB8B4 /* NewGroupCell.swift */,
				1F4BA53F21976ED000FF6DB9 /* GroupSearch.swift */,
			);
			path = NewGroup;
			sourceTree = "<group>";
		};
		1F561B112194B559003AB8B4 /* FriendList */ = {
			isa = PBXGroup;
			children = (
				1F561B132194B665003AB8B4 /* FriendListController.swift */,
				1F561B1F2194B9DD003AB8B4 /* FriendCell.swift */,
			);
			path = FriendList;
			sourceTree = "<group>";
		};
		1F561B122194B563003AB8B4 /* FriendPhoto */ = {
			isa = PBXGroup;
			children = (
				1F4BA53B2197652100FF6DB9 /* PhotoCell.swift */,
				1F4BA53D219765A300FF6DB9 /* FriendPhotoCollection.swift */,
			);
			path = FriendPhoto;
			sourceTree = "<group>";
		};
		1F561B232194BA67003AB8B4 /* Model */ = {
			isa = PBXGroup;
			children = (
				1F561B242194BA84003AB8B4 /* Group.swift */,
				1F561B262194BA92003AB8B4 /* Friend.swift */,
				1F561B282194C71E003AB8B4 /* Generator.swift */,
			);
			path = Model;
			sourceTree = "<group>";
		};
		1F5C3DE9219D5F8F00EE6946 /* CustomElements */ = {
			isa = PBXGroup;
			children = (
				1F5C3DEA219D603F00EE6946 /* ProfileIcon.swift */,
				1F5C3DEC219D6ADA00EE6946 /* LikeControl.swift */,
				1F5C3DEE219D761D00EE6946 /* WeekDayPicker.swift */,
				1F5C3DF0219D8D7600EE6946 /* AlphabetPicker.swift */,
			);
			path = CustomElements;
			sourceTree = "<group>";
		};
/* End PBXGroup section */

/* Begin PBXNativeTarget section */
		1F0EC8C42152B53100E491DF /* 1l_Dmitriy_Papkov */ = {
			isa = PBXNativeTarget;
			buildConfigurationList = 1F0EC8D72152B53300E491DF /* Build configuration list for PBXNativeTarget "1l_Dmitriy_Papkov" */;
			buildPhases = (
				1F0EC8C12152B53100E491DF /* Sources */,
				1F0EC8C22152B53100E491DF /* Frameworks */,
				1F0EC8C32152B53100E491DF /* Resources */,
			);
			buildRules = (
			);
			dependencies = (
			);
			name = 1l_Dmitriy_Papkov;
			productName = 1l_Dmitriy_Papkov;
			productReference = 1F0EC8C52152B53100E491DF /* 1l_Dmitriy_Papkov.app */;
			productType = "com.apple.product-type.application";
		};
/* End PBXNativeTarget section */

/* Begin PBXProject section */
		1F0EC8BD2152B53100E491DF /* Project object */ = {
			isa = PBXProject;
			attributes = {
				LastSwiftUpdateCheck = 1000;
				LastUpgradeCheck = 1000;
				ORGANIZATIONNAME = "Dmitriy Papkov";
				TargetAttributes = {
					1F0EC8C42152B53100E491DF = {
						CreatedOnToolsVersion = 10.0;
					};
				};
			};
			buildConfigurationList = 1F0EC8C02152B53100E491DF /* Build configuration list for PBXProject "1l_Dmitriy_Papkov" */;
			compatibilityVersion = "Xcode 10.0";
			developmentRegion = en;
			hasScannedForEncodings = 0;
			knownRegions = (
				en,
				Base,
			);
			mainGroup = 1F0EC8BC2152B53100E491DF;
			productRefGroup = 1F0EC8C62152B53100E491DF /* Products */;
			projectDirPath = "";
			projectRoot = "";
			targets = (
				1F0EC8C42152B53100E491DF /* 1l_Dmitriy_Papkov */,
			);
		};
/* End PBXProject section */

/* Begin PBXResourcesBuildPhase section */
		1F0EC8C32152B53100E491DF /* Resources */ = {
			isa = PBXResourcesBuildPhase;
			buildActionMask = 2147483647;
			files = (
				1F0EC8D32152B53300E491DF /* LaunchScreen.storyboard in Resources */,
				1F0EC8D02152B53300E491DF /* Assets.xcassets in Resources */,
				1F0EC8CE2152B53100E491DF /* Main.storyboard in Resources */,
			);
			runOnlyForDeploymentPostprocessing = 0;
		};
/* End PBXResourcesBuildPhase section */

/* Begin PBXSourcesBuildPhase section */
		1F0EC8C12152B53100E491DF /* Sources */ = {
			isa = PBXSourcesBuildPhase;
			buildActionMask = 2147483647;
			files = (
				1F561B1C2194B96C003AB8B4 /* GroupCell.swift in Sources */,
				1F561B1A2194B6DE003AB8B4 /* NewGroupController.swift in Sources */,
				1F5C3DF1219D8D7600EE6946 /* AlphabetPicker.swift in Sources */,
				1F5C3DED219D6ADA00EE6946 /* LikeControl.swift in Sources */,
				1F561B142194B665003AB8B4 /* FriendListController.swift in Sources */,
				1F4BA54021976ED000FF6DB9 /* GroupSearch.swift in Sources */,
				1F4BA53E219765A300FF6DB9 /* FriendPhotoCollection.swift in Sources */,
				1F561B272194BA92003AB8B4 /* Friend.swift in Sources */,
				1F561B182194B6CC003AB8B4 /* GroupController.swift in Sources */,
				1F561B202194B9DD003AB8B4 /* FriendCell.swift in Sources */,
				1F5C3DEB219D603F00EE6946 /* ProfileIcon.swift in Sources */,
				1F5C3DEF219D761D00EE6946 /* WeekDayPicker.swift in Sources */,
				1F4BA53C2197652100FF6DB9 /* PhotoCell.swift in Sources */,
				1F5C3DF3219D8F2A00EE6946 /* LikesViewController.swift in Sources */,
				1F561B1E2194B9BD003AB8B4 /* NewGroupCell.swift in Sources */,
				1F561B252194BA84003AB8B4 /* Group.swift in Sources */,
				1F0EC8CB2152B53100E491DF /* LoginViewController.swift in Sources */,
				1F0EC8C92152B53100E491DF /* AppDelegate.swift in Sources */,
				1F561B292194C71E003AB8B4 /* Generator.swift in Sources */,
			);
			runOnlyForDeploymentPostprocessing = 0;
		};
/* End PBXSourcesBuildPhase section */

/* Begin PBXVariantGroup section */
		1F0EC8CC2152B53100E491DF /* Main.storyboard */ = {
			isa = PBXVariantGroup;
			children = (
				1F0EC8CD2152B53100E491DF /* Base */,
			);
			name = Main.storyboard;
			sourceTree = "<group>";
		};
		1F0EC8D12152B53300E491DF /* LaunchScreen.storyboard */ = {
			isa = PBXVariantGroup;
			children = (
				1F0EC8D22152B53300E491DF /* Base */,
			);
			name = LaunchScreen.storyboard;
			sourceTree = "<group>";
		};
/* End PBXVariantGroup section */

/* Begin XCBuildConfiguration section */
		1F0EC8D52152B53300E491DF /* Debug */ = {
			isa = XCBuildConfiguration;
			buildSettings = {
				ALWAYS_SEARCH_USER_PATHS = NO;
				CLANG_ANALYZER_NONNULL = YES;
				CLANG_ANALYZER_NUMBER_OBJECT_CONVERSION = YES_AGGRESSIVE;
				CLANG_CXX_LANGUAGE_STANDARD = "gnu++14";
				CLANG_CXX_LIBRARY = "libc++";
				CLANG_ENABLE_MODULES = YES;
				CLANG_ENABLE_OBJC_ARC = YES;
				CLANG_ENABLE_OBJC_WEAK = YES;
				CLANG_WARN_BLOCK_CAPTURE_AUTORELEASING = YES;
				CLANG_WARN_BOOL_CONVERSION = YES;
				CLANG_WARN_COMMA = YES;
				CLANG_WARN_CONSTANT_CONVERSION = YES;
				CLANG_WARN_DEPRECATED_OBJC_IMPLEMENTATIONS = YES;
				CLANG_WARN_DIRECT_OBJC_ISA_USAGE = YES_ERROR;
				CLANG_WARN_DOCUMENTATION_COMMENTS = YES;
				CLANG_WARN_EMPTY_BODY = YES;
				CLANG_WARN_ENUM_CONVERSION = YES;
				CLANG_WARN_INFINITE_RECURSION = YES;
				CLANG_WARN_INT_CONVERSION = YES;
				CLANG_WARN_NON_LITERAL_NULL_CONVERSION = YES;
				CLANG_WARN_OBJC_IMPLICIT_RETAIN_SELF = YES;
				CLANG_WARN_OBJC_LITERAL_CONVERSION = YES;
				CLANG_WARN_OBJC_ROOT_CLASS = YES_ERROR;
				CLANG_WARN_RANGE_LOOP_ANALYSIS = YES;
				CLANG_WARN_STRICT_PROTOTYPES = YES;
				CLANG_WARN_SUSPICIOUS_MOVE = YES;
				CLANG_WARN_UNGUARDED_AVAILABILITY = YES_AGGRESSIVE;
				CLANG_WARN_UNREACHABLE_CODE = YES;
				CLANG_WARN__DUPLICATE_METHOD_MATCH = YES;
				CODE_SIGN_IDENTITY = "iPhone Developer";
				COPY_PHASE_STRIP = NO;
				DEBUG_INFORMATION_FORMAT = dwarf;
				ENABLE_STRICT_OBJC_MSGSEND = YES;
				ENABLE_TESTABILITY = YES;
				GCC_C_LANGUAGE_STANDARD = gnu11;
				GCC_DYNAMIC_NO_PIC = NO;
				GCC_NO_COMMON_BLOCKS = YES;
				GCC_OPTIMIZATION_LEVEL = 0;
				GCC_PREPROCESSOR_DEFINITIONS = (
					"DEBUG=1",
					"$(inherited)",
				);
				GCC_WARN_64_TO_32_BIT_CONVERSION = YES;
				GCC_WARN_ABOUT_RETURN_TYPE = YES_ERROR;
				GCC_WARN_UNDECLARED_SELECTOR = YES;
				GCC_WARN_UNINITIALIZED_AUTOS = YES_AGGRESSIVE;
				GCC_WARN_UNUSED_FUNCTION = YES;
				GCC_WARN_UNUSED_VARIABLE = YES;
				IPHONEOS_DEPLOYMENT_TARGET = 12.0;
				MTL_ENABLE_DEBUG_INFO = INCLUDE_SOURCE;
				MTL_FAST_MATH = YES;
				ONLY_ACTIVE_ARCH = YES;
				SDKROOT = iphoneos;
				SWIFT_ACTIVE_COMPILATION_CONDITIONS = DEBUG;
				SWIFT_OPTIMIZATION_LEVEL = "-Onone";
			};
			name = Debug;
		};
		1F0EC8D62152B53300E491DF /* Release */ = {
			isa = XCBuildConfiguration;
			buildSettings = {
				ALWAYS_SEARCH_USER_PATHS = NO;
				CLANG_ANALYZER_NONNULL = YES;
				CLANG_ANALYZER_NUMBER_OBJECT_CONVERSION = YES_AGGRESSIVE;
				CLANG_CXX_LANGUAGE_STANDARD = "gnu++14";
				CLANG_CXX_LIBRARY = "libc++";
				CLANG_ENABLE_MODULES = YES;
				CLANG_ENABLE_OBJC_ARC = YES;
				CLANG_ENABLE_OBJC_WEAK = YES;
				CLANG_WARN_BLOCK_CAPTURE_AUTORELEASING = YES;
				CLANG_WARN_BOOL_CONVERSION = YES;
				CLANG_WARN_COMMA = YES;
				CLANG_WARN_CONSTANT_CONVERSION = YES;
				CLANG_WARN_DEPRECATED_OBJC_IMPLEMENTATIONS = YES;
				CLANG_WARN_DIRECT_OBJC_ISA_USAGE = YES_ERROR;
				CLANG_WARN_DOCUMENTATION_COMMENTS = YES;
				CLANG_WARN_EMPTY_BODY = YES;
				CLANG_WARN_ENUM_CONVERSION = YES;
				CLANG_WARN_INFINITE_RECURSION = YES;
				CLANG_WARN_INT_CONVERSION = YES;
				CLANG_WARN_NON_LITERAL_NULL_CONVERSION = YES;
				CLANG_WARN_OBJC_IMPLICIT_RETAIN_SELF = YES;
				CLANG_WARN_OBJC_LITERAL_CONVERSION = YES;
				CLANG_WARN_OBJC_ROOT_CLASS = YES_ERROR;
				CLANG_WARN_RANGE_LOOP_ANALYSIS = YES;
				CLANG_WARN_STRICT_PROTOTYPES = YES;
				CLANG_WARN_SUSPICIOUS_MOVE = YES;
				CLANG_WARN_UNGUARDED_AVAILABILITY = YES_AGGRESSIVE;
				CLANG_WARN_UNREACHABLE_CODE = YES;
				CLANG_WARN__DUPLICATE_METHOD_MATCH = YES;
				CODE_SIGN_IDENTITY = "iPhone Developer";
				COPY_PHASE_STRIP = NO;
				DEBUG_INFORMATION_FORMAT = "dwarf-with-dsym";
				ENABLE_NS_ASSERTIONS = NO;
				ENABLE_STRICT_OBJC_MSGSEND = YES;
				GCC_C_LANGUAGE_STANDARD = gnu11;
				GCC_NO_COMMON_BLOCKS = YES;
				GCC_WARN_64_TO_32_BIT_CONVERSION = YES;
				GCC_WARN_ABOUT_RETURN_TYPE = YES_ERROR;
				GCC_WARN_UNDECLARED_SELECTOR = YES;
				GCC_WARN_UNINITIALIZED_AUTOS = YES_AGGRESSIVE;
				GCC_WARN_UNUSED_FUNCTION = YES;
				GCC_WARN_UNUSED_VARIABLE = YES;
				IPHONEOS_DEPLOYMENT_TARGET = 12.0;
				MTL_ENABLE_DEBUG_INFO = NO;
				MTL_FAST_MATH = YES;
				SDKROOT = iphoneos;
				SWIFT_COMPILATION_MODE = wholemodule;
				SWIFT_OPTIMIZATION_LEVEL = "-O";
				VALIDATE_PRODUCT = YES;
			};
			name = Release;
		};
		1F0EC8D82152B53300E491DF /* Debug */ = {
			isa = XCBuildConfiguration;
			buildSettings = {
				ASSETCATALOG_COMPILER_APPICON_NAME = AppIcon;
				CODE_SIGN_STYLE = Automatic;
				DEVELOPMENT_TEAM = ZCAZ677WZU;
				INFOPLIST_FILE = 1l_Dmitriy_Papkov/Info.plist;
				LD_RUNPATH_SEARCH_PATHS = (
					"$(inherited)",
					"@executable_path/Frameworks",
				);
				PRODUCT_BUNDLE_IDENTIFIER = "dmitriypapkov.-l-Dmitriy-Papkov";
				PRODUCT_NAME = "$(TARGET_NAME)";
				SWIFT_VERSION = 4.2;
				TARGETED_DEVICE_FAMILY = "1,2";
			};
			name = Debug;
		};
		1F0EC8D92152B53300E491DF /* Release */ = {
			isa = XCBuildConfiguration;
			buildSettings = {
				ASSETCATALOG_COMPILER_APPICON_NAME = AppIcon;
				CODE_SIGN_STYLE = Automatic;
				DEVELOPMENT_TEAM = ZCAZ677WZU;
				INFOPLIST_FILE = 1l_Dmitriy_Papkov/Info.plist;
				LD_RUNPATH_SEARCH_PATHS = (
					"$(inherited)",
					"@executable_path/Frameworks",
				);
				PRODUCT_BUNDLE_IDENTIFIER = "dmitriypapkov.-l-Dmitriy-Papkov";
				PRODUCT_NAME = "$(TARGET_NAME)";
				SWIFT_VERSION = 4.2;
				TARGETED_DEVICE_FAMILY = "1,2";
			};
			name = Release;
		};
/* End XCBuildConfiguration section */

/* Begin XCConfigurationList section */
		1F0EC8C02152B53100E491DF /* Build configuration list for PBXProject "1l_Dmitriy_Papkov" */ = {
			isa = XCConfigurationList;
			buildConfigurations = (
				1F0EC8D52152B53300E491DF /* Debug */,
				1F0EC8D62152B53300E491DF /* Release */,
			);
			defaultConfigurationIsVisible = 0;
			defaultConfigurationName = Release;
		};
		1F0EC8D72152B53300E491DF /* Build configuration list for PBXNativeTarget "1l_Dmitriy_Papkov" */ = {
			isa = XCConfigurationList;
			buildConfigurations = (
				1F0EC8D82152B53300E491DF /* Debug */,
				1F0EC8D92152B53300E491DF /* Release */,
			);
			defaultConfigurationIsVisible = 0;
			defaultConfigurationName = Release;
		};
/* End XCConfigurationList section */
	};
	rootObject = 1F0EC8BD2152B53100E491DF /* Project object */;
}
